// !$*UTF8*$!
{
	archiveVersion = 1;
	classes = {
	};
	objectVersion = 51;
	objects = {

/* Begin PBXBuildFile section */
		6FFA7AB0AF4D17E673BF8D3E /* Pods_DrinkWater.framework in Frameworks */ = {isa = PBXBuildFile; fileRef = 4C774B73DDBDBE85976D91C1 /* Pods_DrinkWater.framework */; };
		AA20DFC1247E771E0037A649 /* StatsVC.swift in Sources */ = {isa = PBXBuildFile; fileRef = AA20DFC0247E771E0037A649 /* StatsVC.swift */; };
		AA20DFC3247E8C420037A649 /* StatsType.swift in Sources */ = {isa = PBXBuildFile; fileRef = AA20DFC2247E8C420037A649 /* StatsType.swift */; };
		AA20DFC5247E9F0A0037A649 /* SettingsInfoVC.swift in Sources */ = {isa = PBXBuildFile; fileRef = AA20DFC4247E9F0A0037A649 /* SettingsInfoVC.swift */; };
		AA20DFC7247EA0A90037A649 /* DWUnitsItemVC.swift in Sources */ = {isa = PBXBuildFile; fileRef = AA20DFC6247EA0A90037A649 /* DWUnitsItemVC.swift */; };
		AA20DFC9247EA1AF0037A649 /* DWNotifsItemVC.swift in Sources */ = {isa = PBXBuildFile; fileRef = AA20DFC8247EA1AF0037A649 /* DWNotifsItemVC.swift */; };
		AA20DFCB247EA3350037A649 /* DWGlassSizeItemVC.swift in Sources */ = {isa = PBXBuildFile; fileRef = AA20DFCA247EA3350037A649 /* DWGlassSizeItemVC.swift */; };
		AA455584247D638700C5B8EC /* DateVC.swift in Sources */ = {isa = PBXBuildFile; fileRef = AA455583247D638700C5B8EC /* DateVC.swift */; };
		AA455586247D67E600C5B8EC /* ActivityVC.swift in Sources */ = {isa = PBXBuildFile; fileRef = AA455585247D67E600C5B8EC /* ActivityVC.swift */; };
		AA46364E2456B5D1002CFFC0 /* AppDelegate.swift in Sources */ = {isa = PBXBuildFile; fileRef = AA46364D2456B5D1002CFFC0 /* AppDelegate.swift */; };
		AA4636502456B5D1002CFFC0 /* SceneDelegate.swift in Sources */ = {isa = PBXBuildFile; fileRef = AA46364F2456B5D1002CFFC0 /* SceneDelegate.swift */; };
		AA4636572456B5D3002CFFC0 /* Assets.xcassets in Resources */ = {isa = PBXBuildFile; fileRef = AA4636562456B5D3002CFFC0 /* Assets.xcassets */; };
		AA46365A2456B5D3002CFFC0 /* LaunchScreen.storyboard in Resources */ = {isa = PBXBuildFile; fileRef = AA4636582456B5D3002CFFC0 /* LaunchScreen.storyboard */; };
		AA4636622456FC2C002CFFC0 /* DrinkVC.swift in Sources */ = {isa = PBXBuildFile; fileRef = AA4636612456FC2C002CFFC0 /* DrinkVC.swift */; };
		AA4636682457099B002CFFC0 /* DWButton.swift in Sources */ = {isa = PBXBuildFile; fileRef = AA4636672457099B002CFFC0 /* DWButton.swift */; };
		AA46366D24570D96002CFFC0 /* DWTitleLabel.swift in Sources */ = {isa = PBXBuildFile; fileRef = AA46366C24570D96002CFFC0 /* DWTitleLabel.swift */; };
		AA46366F24574072002CFFC0 /* DWBodyLabel.swift in Sources */ = {isa = PBXBuildFile; fileRef = AA46366E24574072002CFFC0 /* DWBodyLabel.swift */; };
		AA46367124574474002CFFC0 /* Date+Ext.swift in Sources */ = {isa = PBXBuildFile; fileRef = AA46367024574474002CFFC0 /* Date+Ext.swift */; };
		AA46367424574516002CFFC0 /* String+Ext.swift in Sources */ = {isa = PBXBuildFile; fileRef = AA46367324574516002CFFC0 /* String+Ext.swift */; };
		AA46367624582B1E002CFFC0 /* UIButton+Ext.swift in Sources */ = {isa = PBXBuildFile; fileRef = AA46367524582B1E002CFFC0 /* UIButton+Ext.swift */; };
		AA46367824583278002CFFC0 /* Helper.swift in Sources */ = {isa = PBXBuildFile; fileRef = AA46367724583278002CFFC0 /* Helper.swift */; };
		AA5E30632477FE8E006F717F /* DWWeightItemVC.swift in Sources */ = {isa = PBXBuildFile; fileRef = AA5E30622477FE8E006F717F /* DWWeightItemVC.swift */; };
		AA5E30652478018D006F717F /* DWGoalItemVC.swift in Sources */ = {isa = PBXBuildFile; fileRef = AA5E30642478018D006F717F /* DWGoalItemVC.swift */; };
		AA6B4252247CF013008187E3 /* WeekActivityVC.swift in Sources */ = {isa = PBXBuildFile; fileRef = AA6B4251247CF013008187E3 /* WeekActivityVC.swift */; };
		AA9AC7942481455A00422DC1 /* DWUnits.swift in Sources */ = {isa = PBXBuildFile; fileRef = AA9AC7932481455A00422DC1 /* DWUnits.swift */; };
		AA9AC797248146C100422DC1 /* PersistenceManager.swift in Sources */ = {isa = PBXBuildFile; fileRef = AA9AC796248146C100422DC1 /* PersistenceManager.swift */; };
		AA9AC799248147C900422DC1 /* DWErrors.swift in Sources */ = {isa = PBXBuildFile; fileRef = AA9AC798248147C900422DC1 /* DWErrors.swift */; };
		AA9AC79B24867CEF00422DC1 /* FirstLaunch.swift in Sources */ = {isa = PBXBuildFile; fileRef = AA9AC79A24867CEF00422DC1 /* FirstLaunch.swift */; };
		AA9AC79D24867E4600422DC1 /* DWAlertVC.swift in Sources */ = {isa = PBXBuildFile; fileRef = AA9AC79C24867E4600422DC1 /* DWAlertVC.swift */; };
		AA9AC79F24867F7F00422DC1 /* UIViewController+Ext.swift in Sources */ = {isa = PBXBuildFile; fileRef = AA9AC79E24867F7F00422DC1 /* UIViewController+Ext.swift */; };
		AA9AC7A1248698D300422DC1 /* OnBoardingVC.swift in Sources */ = {isa = PBXBuildFile; fileRef = AA9AC7A0248698D300422DC1 /* OnBoardingVC.swift */; };
		AA9E0919245BEB56004E2CE6 /* DWBoldLabel.swift in Sources */ = {isa = PBXBuildFile; fileRef = AA9E0918245BEB56004E2CE6 /* DWBoldLabel.swift */; };
		AA9E091D245C2E16004E2CE6 /* CGFloat+Ext.swift in Sources */ = {isa = PBXBuildFile; fileRef = AA9E091C245C2E16004E2CE6 /* CGFloat+Ext.swift */; };
		AAA5A9592460495C001237D0 /* DWColors.swift in Sources */ = {isa = PBXBuildFile; fileRef = AAA5A9582460495C001237D0 /* DWColors.swift */; };
		AAA5A95B24618E53001237D0 /* Int+Ext.swift in Sources */ = {isa = PBXBuildFile; fileRef = AAA5A95A24618E53001237D0 /* Int+Ext.swift */; };
		AAB0197E2489379400D59470 /* DWGlassSizes.swift in Sources */ = {isa = PBXBuildFile; fileRef = AAB0197D2489379400D59470 /* DWGlassSizes.swift */; };
		AAB01980248E539E00D59470 /* PreferedSizes.swift in Sources */ = {isa = PBXBuildFile; fileRef = AAB0197F248E539E00D59470 /* PreferedSizes.swift */; };
		AAB7DF172487DBB600879B2C /* DWUnderlinedLabel.swift in Sources */ = {isa = PBXBuildFile; fileRef = AAB7DF162487DBB600879B2C /* DWUnderlinedLabel.swift */; };
		AAC1B56C2462A75E00AF04ED /* DWActivityView.swift in Sources */ = {isa = PBXBuildFile; fileRef = AAC1B56B2462A75E00AF04ED /* DWActivityView.swift */; };
		AAC1B56E2462ACCF00AF04ED /* DWDayView.swift in Sources */ = {isa = PBXBuildFile; fileRef = AAC1B56D2462ACCF00AF04ED /* DWDayView.swift */; };
		AAC8315324642FA0003A0C9F /* LCTextLayer.swift in Sources */ = {isa = PBXBuildFile; fileRef = AAC8315224642FA0003A0C9F /* LCTextLayer.swift */; };
		AAC831552464365B003A0C9F /* ActionButton.swift in Sources */ = {isa = PBXBuildFile; fileRef = AAC831542464365B003A0C9F /* ActionButton.swift */; };
		AAC8315724643665003A0C9F /* ActionButtonItem.swift in Sources */ = {isa = PBXBuildFile; fileRef = AAC8315624643665003A0C9F /* ActionButtonItem.swift */; };
		AACFDF8D246BB714007299CD /* DayDrink.swift in Sources */ = {isa = PBXBuildFile; fileRef = AACFDF8C246BB714007299CD /* DayDrink.swift */; };
		AACFDF95246D9774007299CD /* UIView+Ext.swift in Sources */ = {isa = PBXBuildFile; fileRef = AACFDF94246D9774007299CD /* UIView+Ext.swift */; };
		AACFDF97246D97CF007299CD /* UIImage+Ext.swift in Sources */ = {isa = PBXBuildFile; fileRef = AACFDF96246D97CF007299CD /* UIImage+Ext.swift */; };
		AACFDF9B246E8901007299CD /* ChartStatsVC.swift in Sources */ = {isa = PBXBuildFile; fileRef = AACFDF9A246E8901007299CD /* ChartStatsVC.swift */; };
		AAF4BFA124754E0D00185F04 /* UserInfoVC.swift in Sources */ = {isa = PBXBuildFile; fileRef = AAF4BFA024754E0D00185F04 /* UserInfoVC.swift */; };
		AAF4BFA52475533F00185F04 /* User.swift in Sources */ = {isa = PBXBuildFile; fileRef = AAF4BFA42475533F00185F04 /* User.swift */; };
		AAF4BFA9247561AE00185F04 /* DWItemInfoView.swift in Sources */ = {isa = PBXBuildFile; fileRef = AAF4BFA8247561AE00185F04 /* DWItemInfoView.swift */; };
		AAF4BFB02476B61300185F04 /* DWSexItemVC.swift in Sources */ = {isa = PBXBuildFile; fileRef = AAF4BFAF2476B61300185F04 /* DWSexItemVC.swift */; };
		AAF4BFB22476CAF300185F04 /* DWAgeItemVC.swift in Sources */ = {isa = PBXBuildFile; fileRef = AAF4BFB12476CAF300185F04 /* DWAgeItemVC.swift */; };
/* End PBXBuildFile section */

/* Begin PBXFileReference section */
		4C774B73DDBDBE85976D91C1 /* Pods_DrinkWater.framework */ = {isa = PBXFileReference; explicitFileType = wrapper.framework; includeInIndex = 0; path = Pods_DrinkWater.framework; sourceTree = BUILT_PRODUCTS_DIR; };
		AA20DFC0247E771E0037A649 /* StatsVC.swift */ = {isa = PBXFileReference; lastKnownFileType = sourcecode.swift; path = StatsVC.swift; sourceTree = "<group>"; };
		AA20DFC2247E8C420037A649 /* StatsType.swift */ = {isa = PBXFileReference; lastKnownFileType = sourcecode.swift; path = StatsType.swift; sourceTree = "<group>"; };
		AA20DFC4247E9F0A0037A649 /* SettingsInfoVC.swift */ = {isa = PBXFileReference; lastKnownFileType = sourcecode.swift; path = SettingsInfoVC.swift; sourceTree = "<group>"; };
		AA20DFC6247EA0A90037A649 /* DWUnitsItemVC.swift */ = {isa = PBXFileReference; lastKnownFileType = sourcecode.swift; path = DWUnitsItemVC.swift; sourceTree = "<group>"; };
		AA20DFC8247EA1AF0037A649 /* DWNotifsItemVC.swift */ = {isa = PBXFileReference; lastKnownFileType = sourcecode.swift; path = DWNotifsItemVC.swift; sourceTree = "<group>"; };
		AA20DFCA247EA3350037A649 /* DWGlassSizeItemVC.swift */ = {isa = PBXFileReference; lastKnownFileType = sourcecode.swift; path = DWGlassSizeItemVC.swift; sourceTree = "<group>"; };
		AA455583247D638700C5B8EC /* DateVC.swift */ = {isa = PBXFileReference; lastKnownFileType = sourcecode.swift; path = DateVC.swift; sourceTree = "<group>"; };
		AA455585247D67E600C5B8EC /* ActivityVC.swift */ = {isa = PBXFileReference; lastKnownFileType = sourcecode.swift; path = ActivityVC.swift; sourceTree = "<group>"; };
		AA46364A2456B5D1002CFFC0 /* DrinkWater.app */ = {isa = PBXFileReference; explicitFileType = wrapper.application; includeInIndex = 0; path = DrinkWater.app; sourceTree = BUILT_PRODUCTS_DIR; };
		AA46364D2456B5D1002CFFC0 /* AppDelegate.swift */ = {isa = PBXFileReference; lastKnownFileType = sourcecode.swift; path = AppDelegate.swift; sourceTree = "<group>"; };
		AA46364F2456B5D1002CFFC0 /* SceneDelegate.swift */ = {isa = PBXFileReference; lastKnownFileType = sourcecode.swift; path = SceneDelegate.swift; sourceTree = "<group>"; };
		AA4636562456B5D3002CFFC0 /* Assets.xcassets */ = {isa = PBXFileReference; lastKnownFileType = folder.assetcatalog; path = Assets.xcassets; sourceTree = "<group>"; };
		AA4636592456B5D3002CFFC0 /* Base */ = {isa = PBXFileReference; lastKnownFileType = file.storyboard; name = Base; path = Base.lproj/LaunchScreen.storyboard; sourceTree = "<group>"; };
		AA46365B2456B5D3002CFFC0 /* Info.plist */ = {isa = PBXFileReference; lastKnownFileType = text.plist.xml; path = Info.plist; sourceTree = "<group>"; };
		AA4636612456FC2C002CFFC0 /* DrinkVC.swift */ = {isa = PBXFileReference; lastKnownFileType = sourcecode.swift; path = DrinkVC.swift; sourceTree = "<group>"; };
		AA4636672457099B002CFFC0 /* DWButton.swift */ = {isa = PBXFileReference; lastKnownFileType = sourcecode.swift; path = DWButton.swift; sourceTree = "<group>"; };
		AA46366C24570D96002CFFC0 /* DWTitleLabel.swift */ = {isa = PBXFileReference; lastKnownFileType = sourcecode.swift; path = DWTitleLabel.swift; sourceTree = "<group>"; };
		AA46366E24574072002CFFC0 /* DWBodyLabel.swift */ = {isa = PBXFileReference; lastKnownFileType = sourcecode.swift; path = DWBodyLabel.swift; sourceTree = "<group>"; };
		AA46367024574474002CFFC0 /* Date+Ext.swift */ = {isa = PBXFileReference; lastKnownFileType = sourcecode.swift; path = "Date+Ext.swift"; sourceTree = "<group>"; };
		AA46367324574516002CFFC0 /* String+Ext.swift */ = {isa = PBXFileReference; lastKnownFileType = sourcecode.swift; path = "String+Ext.swift"; sourceTree = "<group>"; };
		AA46367524582B1E002CFFC0 /* UIButton+Ext.swift */ = {isa = PBXFileReference; lastKnownFileType = sourcecode.swift; path = "UIButton+Ext.swift"; sourceTree = "<group>"; };
		AA46367724583278002CFFC0 /* Helper.swift */ = {isa = PBXFileReference; lastKnownFileType = sourcecode.swift; path = Helper.swift; sourceTree = "<group>"; };
		AA5E30622477FE8E006F717F /* DWWeightItemVC.swift */ = {isa = PBXFileReference; lastKnownFileType = sourcecode.swift; path = DWWeightItemVC.swift; sourceTree = "<group>"; };
		AA5E30642478018D006F717F /* DWGoalItemVC.swift */ = {isa = PBXFileReference; lastKnownFileType = sourcecode.swift; path = DWGoalItemVC.swift; sourceTree = "<group>"; };
		AA6B4251247CF013008187E3 /* WeekActivityVC.swift */ = {isa = PBXFileReference; lastKnownFileType = sourcecode.swift; path = WeekActivityVC.swift; sourceTree = "<group>"; };
		AA9AC7932481455A00422DC1 /* DWUnits.swift */ = {isa = PBXFileReference; lastKnownFileType = sourcecode.swift; path = DWUnits.swift; sourceTree = "<group>"; };
		AA9AC796248146C100422DC1 /* PersistenceManager.swift */ = {isa = PBXFileReference; lastKnownFileType = sourcecode.swift; path = PersistenceManager.swift; sourceTree = "<group>"; };
		AA9AC798248147C900422DC1 /* DWErrors.swift */ = {isa = PBXFileReference; lastKnownFileType = sourcecode.swift; path = DWErrors.swift; sourceTree = "<group>"; };
		AA9AC79A24867CEF00422DC1 /* FirstLaunch.swift */ = {isa = PBXFileReference; lastKnownFileType = sourcecode.swift; path = FirstLaunch.swift; sourceTree = "<group>"; };
		AA9AC79C24867E4600422DC1 /* DWAlertVC.swift */ = {isa = PBXFileReference; lastKnownFileType = sourcecode.swift; path = DWAlertVC.swift; sourceTree = "<group>"; };
		AA9AC79E24867F7F00422DC1 /* UIViewController+Ext.swift */ = {isa = PBXFileReference; lastKnownFileType = sourcecode.swift; path = "UIViewController+Ext.swift"; sourceTree = "<group>"; };
		AA9AC7A0248698D300422DC1 /* OnBoardingVC.swift */ = {isa = PBXFileReference; lastKnownFileType = sourcecode.swift; path = OnBoardingVC.swift; sourceTree = "<group>"; };
		AA9E0918245BEB56004E2CE6 /* DWBoldLabel.swift */ = {isa = PBXFileReference; lastKnownFileType = sourcecode.swift; path = DWBoldLabel.swift; sourceTree = "<group>"; };
		AA9E091C245C2E16004E2CE6 /* CGFloat+Ext.swift */ = {isa = PBXFileReference; lastKnownFileType = sourcecode.swift; path = "CGFloat+Ext.swift"; sourceTree = "<group>"; };
		AAA5A9582460495C001237D0 /* DWColors.swift */ = {isa = PBXFileReference; lastKnownFileType = sourcecode.swift; path = DWColors.swift; sourceTree = "<group>"; };
		AAA5A95A24618E53001237D0 /* Int+Ext.swift */ = {isa = PBXFileReference; lastKnownFileType = sourcecode.swift; path = "Int+Ext.swift"; sourceTree = "<group>"; };
		AAB0197D2489379400D59470 /* DWGlassSizes.swift */ = {isa = PBXFileReference; lastKnownFileType = sourcecode.swift; path = DWGlassSizes.swift; sourceTree = "<group>"; };
		AAB0197F248E539E00D59470 /* PreferedSizes.swift */ = {isa = PBXFileReference; lastKnownFileType = sourcecode.swift; path = PreferedSizes.swift; sourceTree = "<group>"; };
		AAB7DF162487DBB600879B2C /* DWUnderlinedLabel.swift */ = {isa = PBXFileReference; lastKnownFileType = sourcecode.swift; path = DWUnderlinedLabel.swift; sourceTree = "<group>"; };
		AAC1B56B2462A75E00AF04ED /* DWActivityView.swift */ = {isa = PBXFileReference; lastKnownFileType = sourcecode.swift; path = DWActivityView.swift; sourceTree = "<group>"; };
		AAC1B56D2462ACCF00AF04ED /* DWDayView.swift */ = {isa = PBXFileReference; lastKnownFileType = sourcecode.swift; path = DWDayView.swift; sourceTree = "<group>"; };
		AAC8315224642FA0003A0C9F /* LCTextLayer.swift */ = {isa = PBXFileReference; fileEncoding = 4; lastKnownFileType = sourcecode.swift; path = LCTextLayer.swift; sourceTree = "<group>"; };
		AAC831542464365B003A0C9F /* ActionButton.swift */ = {isa = PBXFileReference; fileEncoding = 4; lastKnownFileType = sourcecode.swift; path = ActionButton.swift; sourceTree = "<group>"; };
		AAC8315624643665003A0C9F /* ActionButtonItem.swift */ = {isa = PBXFileReference; fileEncoding = 4; lastKnownFileType = sourcecode.swift; path = ActionButtonItem.swift; sourceTree = "<group>"; };
		AACFDF8C246BB714007299CD /* DayDrink.swift */ = {isa = PBXFileReference; lastKnownFileType = sourcecode.swift; path = DayDrink.swift; sourceTree = "<group>"; };
		AACFDF94246D9774007299CD /* UIView+Ext.swift */ = {isa = PBXFileReference; lastKnownFileType = sourcecode.swift; path = "UIView+Ext.swift"; sourceTree = "<group>"; };
		AACFDF96246D97CF007299CD /* UIImage+Ext.swift */ = {isa = PBXFileReference; lastKnownFileType = sourcecode.swift; path = "UIImage+Ext.swift"; sourceTree = "<group>"; };
		AACFDF9A246E8901007299CD /* ChartStatsVC.swift */ = {isa = PBXFileReference; lastKnownFileType = sourcecode.swift; path = ChartStatsVC.swift; sourceTree = "<group>"; };
		AAF4BFA024754E0D00185F04 /* UserInfoVC.swift */ = {isa = PBXFileReference; lastKnownFileType = sourcecode.swift; path = UserInfoVC.swift; sourceTree = "<group>"; };
		AAF4BFA42475533F00185F04 /* User.swift */ = {isa = PBXFileReference; lastKnownFileType = sourcecode.swift; path = User.swift; sourceTree = "<group>"; };
		AAF4BFA8247561AE00185F04 /* DWItemInfoView.swift */ = {isa = PBXFileReference; lastKnownFileType = sourcecode.swift; path = DWItemInfoView.swift; sourceTree = "<group>"; };
		AAF4BFAF2476B61300185F04 /* DWSexItemVC.swift */ = {isa = PBXFileReference; lastKnownFileType = sourcecode.swift; path = DWSexItemVC.swift; sourceTree = "<group>"; };
		AAF4BFB12476CAF300185F04 /* DWAgeItemVC.swift */ = {isa = PBXFileReference; lastKnownFileType = sourcecode.swift; path = DWAgeItemVC.swift; sourceTree = "<group>"; };
		B17F0BB4FBD6CA8C8A894DFE /* Pods-DrinkWater.debug.xcconfig */ = {isa = PBXFileReference; includeInIndex = 1; lastKnownFileType = text.xcconfig; name = "Pods-DrinkWater.debug.xcconfig"; path = "Target Support Files/Pods-DrinkWater/Pods-DrinkWater.debug.xcconfig"; sourceTree = "<group>"; };
		EB53DE4B40A1A9EBE4815973 /* Pods-DrinkWater.release.xcconfig */ = {isa = PBXFileReference; includeInIndex = 1; lastKnownFileType = text.xcconfig; name = "Pods-DrinkWater.release.xcconfig"; path = "Target Support Files/Pods-DrinkWater/Pods-DrinkWater.release.xcconfig"; sourceTree = "<group>"; };
/* End PBXFileReference section */

/* Begin PBXFrameworksBuildPhase section */
		AA4636472456B5D1002CFFC0 /* Frameworks */ = {
			isa = PBXFrameworksBuildPhase;
			buildActionMask = 2147483647;
			files = (
				6FFA7AB0AF4D17E673BF8D3E /* Pods_DrinkWater.framework in Frameworks */,
			);
			runOnlyForDeploymentPostprocessing = 0;
		};
/* End PBXFrameworksBuildPhase section */

/* Begin PBXGroup section */
		A7B705863E6A9D84D5E47A9F /* Pods */ = {
			isa = PBXGroup;
			children = (
				B17F0BB4FBD6CA8C8A894DFE /* Pods-DrinkWater.debug.xcconfig */,
				EB53DE4B40A1A9EBE4815973 /* Pods-DrinkWater.release.xcconfig */,
			);
			path = Pods;
			sourceTree = "<group>";
		};
		AA4636412456B5D1002CFFC0 = {
			isa = PBXGroup;
			children = (
				AA46364C2456B5D1002CFFC0 /* DrinkWater */,
				AA46364B2456B5D1002CFFC0 /* Products */,
				A7B705863E6A9D84D5E47A9F /* Pods */,
				C5DC79B7A593B14A384F04CE /* Frameworks */,
			);
			sourceTree = "<group>";
		};
		AA46364B2456B5D1002CFFC0 /* Products */ = {
			isa = PBXGroup;
			children = (
				AA46364A2456B5D1002CFFC0 /* DrinkWater.app */,
			);
			name = Products;
			sourceTree = "<group>";
		};
		AA46364C2456B5D1002CFFC0 /* DrinkWater */ = {
			isa = PBXGroup;
			children = (
				AA9AC795248146AD00422DC1 /* Managers */,
				AACFDF8B246BB6F1007299CD /* Model */,
				AA9E091E245D3F93004E2CE6 /* Utilities */,
				AA4636722457447E002CFFC0 /* Extensions */,
				AA46366B24570D01002CFFC0 /* Support */,
				AA46366A24570CD5002CFFC0 /* Screens */,
				AA46366924570CC1002CFFC0 /* CustomViews */,
				AA46365B2456B5D3002CFFC0 /* Info.plist */,
			);
			path = DrinkWater;
			sourceTree = "<group>";
		};
		AA46366924570CC1002CFFC0 /* CustomViews */ = {
			isa = PBXGroup;
			children = (
				AAF4BFAA2475671600185F04 /* ViewControllers */,
				AAC831542464365B003A0C9F /* ActionButton.swift */,
				AAC8315624643665003A0C9F /* ActionButtonItem.swift */,
				AA4636672457099B002CFFC0 /* DWButton.swift */,
				AA46366C24570D96002CFFC0 /* DWTitleLabel.swift */,
				AA46366E24574072002CFFC0 /* DWBodyLabel.swift */,
				AA9E0918245BEB56004E2CE6 /* DWBoldLabel.swift */,
				AAC1B56B2462A75E00AF04ED /* DWActivityView.swift */,
				AAC1B56D2462ACCF00AF04ED /* DWDayView.swift */,
				AAF4BFA8247561AE00185F04 /* DWItemInfoView.swift */,
				AAB7DF162487DBB600879B2C /* DWUnderlinedLabel.swift */,
			);
			path = CustomViews;
			sourceTree = "<group>";
		};
		AA46366A24570CD5002CFFC0 /* Screens */ = {
			isa = PBXGroup;
			children = (
				AA4636612456FC2C002CFFC0 /* DrinkVC.swift */,
				AACFDF9A246E8901007299CD /* ChartStatsVC.swift */,
				AAF4BFA024754E0D00185F04 /* UserInfoVC.swift */,
				AA20DFC4247E9F0A0037A649 /* SettingsInfoVC.swift */,
				AA9AC7A0248698D300422DC1 /* OnBoardingVC.swift */,
			);
			path = Screens;
			sourceTree = "<group>";
		};
		AA46366B24570D01002CFFC0 /* Support */ = {
			isa = PBXGroup;
			children = (
				AA46364D2456B5D1002CFFC0 /* AppDelegate.swift */,
				AA46364F2456B5D1002CFFC0 /* SceneDelegate.swift */,
				AA4636562456B5D3002CFFC0 /* Assets.xcassets */,
				AA4636582456B5D3002CFFC0 /* LaunchScreen.storyboard */,
				AA9AC79A24867CEF00422DC1 /* FirstLaunch.swift */,
			);
			path = Support;
			sourceTree = "<group>";
		};
		AA4636722457447E002CFFC0 /* Extensions */ = {
			isa = PBXGroup;
			children = (
				AA46367024574474002CFFC0 /* Date+Ext.swift */,
				AA46367324574516002CFFC0 /* String+Ext.swift */,
				AA46367524582B1E002CFFC0 /* UIButton+Ext.swift */,
				AAC8315224642FA0003A0C9F /* LCTextLayer.swift */,
				AA46367724583278002CFFC0 /* Helper.swift */,
				AA9E091C245C2E16004E2CE6 /* CGFloat+Ext.swift */,
				AAA5A95A24618E53001237D0 /* Int+Ext.swift */,
				AACFDF94246D9774007299CD /* UIView+Ext.swift */,
				AACFDF96246D97CF007299CD /* UIImage+Ext.swift */,
				AA9AC79E24867F7F00422DC1 /* UIViewController+Ext.swift */,
			);
			path = Extensions;
			sourceTree = "<group>";
		};
		AA9AC795248146AD00422DC1 /* Managers */ = {
			isa = PBXGroup;
			children = (
				AA9AC796248146C100422DC1 /* PersistenceManager.swift */,
			);
			path = Managers;
			sourceTree = "<group>";
		};
		AA9E091E245D3F93004E2CE6 /* Utilities */ = {
			isa = PBXGroup;
			children = (
				AAA5A9582460495C001237D0 /* DWColors.swift */,
				AA20DFC2247E8C420037A649 /* StatsType.swift */,
				AA9AC7932481455A00422DC1 /* DWUnits.swift */,
				AA9AC798248147C900422DC1 /* DWErrors.swift */,
				AAB0197D2489379400D59470 /* DWGlassSizes.swift */,
			);
			path = Utilities;
			sourceTree = "<group>";
		};
		AACFDF8B246BB6F1007299CD /* Model */ = {
			isa = PBXGroup;
			children = (
				AACFDF8C246BB714007299CD /* DayDrink.swift */,
				AAF4BFA42475533F00185F04 /* User.swift */,
				AAB0197F248E539E00D59470 /* PreferedSizes.swift */,
			);
			path = Model;
			sourceTree = "<group>";
		};
		AAF4BFAA2475671600185F04 /* ViewControllers */ = {
			isa = PBXGroup;
			children = (
				AAF4BFAF2476B61300185F04 /* DWSexItemVC.swift */,
				AAF4BFB12476CAF300185F04 /* DWAgeItemVC.swift */,
				AA5E30622477FE8E006F717F /* DWWeightItemVC.swift */,
				AA5E30642478018D006F717F /* DWGoalItemVC.swift */,
				AA6B4251247CF013008187E3 /* WeekActivityVC.swift */,
				AA455583247D638700C5B8EC /* DateVC.swift */,
				AA455585247D67E600C5B8EC /* ActivityVC.swift */,
				AA20DFC0247E771E0037A649 /* StatsVC.swift */,
				AA20DFC6247EA0A90037A649 /* DWUnitsItemVC.swift */,
				AA20DFC8247EA1AF0037A649 /* DWNotifsItemVC.swift */,
				AA20DFCA247EA3350037A649 /* DWGlassSizeItemVC.swift */,
				AA9AC79C24867E4600422DC1 /* DWAlertVC.swift */,
			);
			path = ViewControllers;
			sourceTree = "<group>";
		};
		C5DC79B7A593B14A384F04CE /* Frameworks */ = {
			isa = PBXGroup;
			children = (
				4C774B73DDBDBE85976D91C1 /* Pods_DrinkWater.framework */,
			);
			name = Frameworks;
			sourceTree = "<group>";
		};
/* End PBXGroup section */

/* Begin PBXNativeTarget section */
		AA4636492456B5D1002CFFC0 /* DrinkWater */ = {
			isa = PBXNativeTarget;
			buildConfigurationList = AA46365E2456B5D3002CFFC0 /* Build configuration list for PBXNativeTarget "DrinkWater" */;
			buildPhases = (
				497003DA1811FDA433761490 /* [CP] Check Pods Manifest.lock */,
				AA4636462456B5D1002CFFC0 /* Sources */,
				AA4636472456B5D1002CFFC0 /* Frameworks */,
				AA4636482456B5D1002CFFC0 /* Resources */,
				453E431AEB8C4146C82B26D0 /* [CP] Embed Pods Frameworks */,
			);
			buildRules = (
			);
			dependencies = (
			);
			name = DrinkWater;
			productName = DrinkWater;
			productReference = AA46364A2456B5D1002CFFC0 /* DrinkWater.app */;
			productType = "com.apple.product-type.application";
		};
/* End PBXNativeTarget section */

/* Begin PBXProject section */
		AA4636422456B5D1002CFFC0 /* Project object */ = {
			isa = PBXProject;
			attributes = {
				LastSwiftUpdateCheck = 1140;
				LastUpgradeCheck = 1140;
				ORGANIZATIONNAME = "David Laiymani";
				TargetAttributes = {
					AA4636492456B5D1002CFFC0 = {
						CreatedOnToolsVersion = 11.4.1;
					};
				};
			};
			buildConfigurationList = AA4636452456B5D1002CFFC0 /* Build configuration list for PBXProject "DrinkWater" */;
			compatibilityVersion = "Xcode 9.3";
			developmentRegion = en;
			hasScannedForEncodings = 0;
			knownRegions = (
				en,
				Base,
			);
			mainGroup = AA4636412456B5D1002CFFC0;
			productRefGroup = AA46364B2456B5D1002CFFC0 /* Products */;
			projectDirPath = "";
			projectRoot = "";
			targets = (
				AA4636492456B5D1002CFFC0 /* DrinkWater */,
			);
		};
/* End PBXProject section */

/* Begin PBXResourcesBuildPhase section */
		AA4636482456B5D1002CFFC0 /* Resources */ = {
			isa = PBXResourcesBuildPhase;
			buildActionMask = 2147483647;
			files = (
				AA46365A2456B5D3002CFFC0 /* LaunchScreen.storyboard in Resources */,
				AA4636572456B5D3002CFFC0 /* Assets.xcassets in Resources */,
			);
			runOnlyForDeploymentPostprocessing = 0;
		};
/* End PBXResourcesBuildPhase section */

/* Begin PBXShellScriptBuildPhase section */
		453E431AEB8C4146C82B26D0 /* [CP] Embed Pods Frameworks */ = {
			isa = PBXShellScriptBuildPhase;
			buildActionMask = 2147483647;
			files = (
			);
			inputFileListPaths = (
				"${PODS_ROOT}/Target Support Files/Pods-DrinkWater/Pods-DrinkWater-frameworks-${CONFIGURATION}-input-files.xcfilelist",
			);
			name = "[CP] Embed Pods Frameworks";
			outputFileListPaths = (
				"${PODS_ROOT}/Target Support Files/Pods-DrinkWater/Pods-DrinkWater-frameworks-${CONFIGURATION}-output-files.xcfilelist",
			);
			runOnlyForDeploymentPostprocessing = 0;
			shellPath = /bin/sh;
			shellScript = "\"${PODS_ROOT}/Target Support Files/Pods-DrinkWater/Pods-DrinkWater-frameworks.sh\"\n";
			showEnvVarsInLog = 0;
		};
		497003DA1811FDA433761490 /* [CP] Check Pods Manifest.lock */ = {
			isa = PBXShellScriptBuildPhase;
			buildActionMask = 2147483647;
			files = (
			);
			inputFileListPaths = (
			);
			inputPaths = (
				"${PODS_PODFILE_DIR_PATH}/Podfile.lock",
				"${PODS_ROOT}/Manifest.lock",
			);
			name = "[CP] Check Pods Manifest.lock";
			outputFileListPaths = (
			);
			outputPaths = (
				"$(DERIVED_FILE_DIR)/Pods-DrinkWater-checkManifestLockResult.txt",
			);
			runOnlyForDeploymentPostprocessing = 0;
			shellPath = /bin/sh;
			shellScript = "diff \"${PODS_PODFILE_DIR_PATH}/Podfile.lock\" \"${PODS_ROOT}/Manifest.lock\" > /dev/null\nif [ $? != 0 ] ; then\n    # print error to STDERR\n    echo \"error: The sandbox is not in sync with the Podfile.lock. Run 'pod install' or update your CocoaPods installation.\" >&2\n    exit 1\nfi\n# This output is used by Xcode 'outputs' to avoid re-running this script phase.\necho \"SUCCESS\" > \"${SCRIPT_OUTPUT_FILE_0}\"\n";
			showEnvVarsInLog = 0;
		};
/* End PBXShellScriptBuildPhase section */

/* Begin PBXSourcesBuildPhase section */
		AA4636462456B5D1002CFFC0 /* Sources */ = {
			isa = PBXSourcesBuildPhase;
			buildActionMask = 2147483647;
			files = (
				AA20DFC3247E8C420037A649 /* StatsType.swift in Sources */,
				AA46367124574474002CFFC0 /* Date+Ext.swift in Sources */,
				AA9AC797248146C100422DC1 /* PersistenceManager.swift in Sources */,
				AA20DFC7247EA0A90037A649 /* DWUnitsItemVC.swift in Sources */,
				AA5E30652478018D006F717F /* DWGoalItemVC.swift in Sources */,
				AA4636682457099B002CFFC0 /* DWButton.swift in Sources */,
				AA9AC79B24867CEF00422DC1 /* FirstLaunch.swift in Sources */,
				AAA5A9592460495C001237D0 /* DWColors.swift in Sources */,
				AACFDF9B246E8901007299CD /* ChartStatsVC.swift in Sources */,
				AA9AC7A1248698D300422DC1 /* OnBoardingVC.swift in Sources */,
				AA9E091D245C2E16004E2CE6 /* CGFloat+Ext.swift in Sources */,
				AA4636622456FC2C002CFFC0 /* DrinkVC.swift in Sources */,
				AAC1B56C2462A75E00AF04ED /* DWActivityView.swift in Sources */,
				AAC8315324642FA0003A0C9F /* LCTextLayer.swift in Sources */,
				AAF4BFA52475533F00185F04 /* User.swift in Sources */,
				AA9AC79D24867E4600422DC1 /* DWAlertVC.swift in Sources */,
				AAB0197E2489379400D59470 /* DWGlassSizes.swift in Sources */,
				AA46366D24570D96002CFFC0 /* DWTitleLabel.swift in Sources */,
				AA9E0919245BEB56004E2CE6 /* DWBoldLabel.swift in Sources */,
				AA9AC79F24867F7F00422DC1 /* UIViewController+Ext.swift in Sources */,
				AA20DFC5247E9F0A0037A649 /* SettingsInfoVC.swift in Sources */,
				AAC1B56E2462ACCF00AF04ED /* DWDayView.swift in Sources */,
				AAF4BFA9247561AE00185F04 /* DWItemInfoView.swift in Sources */,
				AA455586247D67E600C5B8EC /* ActivityVC.swift in Sources */,
				AAF4BFB02476B61300185F04 /* DWSexItemVC.swift in Sources */,
				AA455584247D638700C5B8EC /* DateVC.swift in Sources */,
				AA46366F24574072002CFFC0 /* DWBodyLabel.swift in Sources */,
				AAB01980248E539E00D59470 /* PreferedSizes.swift in Sources */,
				AA6B4252247CF013008187E3 /* WeekActivityVC.swift in Sources */,
				AA46364E2456B5D1002CFFC0 /* AppDelegate.swift in Sources */,
				AA46367424574516002CFFC0 /* String+Ext.swift in Sources */,
				AA20DFC9247EA1AF0037A649 /* DWNotifsItemVC.swift in Sources */,
				AAC8315724643665003A0C9F /* ActionButtonItem.swift in Sources */,
				AA5E30632477FE8E006F717F /* DWWeightItemVC.swift in Sources */,
				AAA5A95B24618E53001237D0 /* Int+Ext.swift in Sources */,
				AA9AC799248147C900422DC1 /* DWErrors.swift in Sources */,
				AA46367624582B1E002CFFC0 /* UIButton+Ext.swift in Sources */,
				AA4636502456B5D1002CFFC0 /* SceneDelegate.swift in Sources */,
				AACFDF95246D9774007299CD /* UIView+Ext.swift in Sources */,
				AA46367824583278002CFFC0 /* Helper.swift in Sources */,
				AAB7DF172487DBB600879B2C /* DWUnderlinedLabel.swift in Sources */,
				AA20DFC1247E771E0037A649 /* StatsVC.swift in Sources */,
				AA9AC7942481455A00422DC1 /* DWUnits.swift in Sources */,
				AA20DFCB247EA3350037A649 /* DWGlassSizeItemVC.swift in Sources */,
				AACFDF97246D97CF007299CD /* UIImage+Ext.swift in Sources */,
				AAF4BFB22476CAF300185F04 /* DWAgeItemVC.swift in Sources */,
				AAC831552464365B003A0C9F /* ActionButton.swift in Sources */,
				AACFDF8D246BB714007299CD /* DayDrink.swift in Sources */,
				AAF4BFA124754E0D00185F04 /* UserInfoVC.swift in Sources */,
			);
			runOnlyForDeploymentPostprocessing = 0;
		};
/* End PBXSourcesBuildPhase section */

/* Begin PBXVariantGroup section */
		AA4636582456B5D3002CFFC0 /* LaunchScreen.storyboard */ = {
			isa = PBXVariantGroup;
			children = (
				AA4636592456B5D3002CFFC0 /* Base */,
			);
			name = LaunchScreen.storyboard;
			sourceTree = "<group>";
		};
/* End PBXVariantGroup section */

/* Begin XCBuildConfiguration section */
		AA46365C2456B5D3002CFFC0 /* Debug */ = {
			isa = XCBuildConfiguration;
			buildSettings = {
				ALWAYS_SEARCH_USER_PATHS = NO;
				CLANG_ANALYZER_NONNULL = YES;
				CLANG_ANALYZER_NUMBER_OBJECT_CONVERSION = YES_AGGRESSIVE;
				CLANG_CXX_LANGUAGE_STANDARD = "gnu++14";
				CLANG_CXX_LIBRARY = "libc++";
				CLANG_ENABLE_MODULES = YES;
				CLANG_ENABLE_OBJC_ARC = YES;
				CLANG_ENABLE_OBJC_WEAK = YES;
				CLANG_WARN_BLOCK_CAPTURE_AUTORELEASING = YES;
				CLANG_WARN_BOOL_CONVERSION = YES;
				CLANG_WARN_COMMA = YES;
				CLANG_WARN_CONSTANT_CONVERSION = YES;
				CLANG_WARN_DEPRECATED_OBJC_IMPLEMENTATIONS = YES;
				CLANG_WARN_DIRECT_OBJC_ISA_USAGE = YES_ERROR;
				CLANG_WARN_DOCUMENTATION_COMMENTS = YES;
				CLANG_WARN_EMPTY_BODY = YES;
				CLANG_WARN_ENUM_CONVERSION = YES;
				CLANG_WARN_INFINITE_RECURSION = YES;
				CLANG_WARN_INT_CONVERSION = YES;
				CLANG_WARN_NON_LITERAL_NULL_CONVERSION = YES;
				CLANG_WARN_OBJC_IMPLICIT_RETAIN_SELF = YES;
				CLANG_WARN_OBJC_LITERAL_CONVERSION = YES;
				CLANG_WARN_OBJC_ROOT_CLASS = YES_ERROR;
				CLANG_WARN_RANGE_LOOP_ANALYSIS = YES;
				CLANG_WARN_STRICT_PROTOTYPES = YES;
				CLANG_WARN_SUSPICIOUS_MOVE = YES;
				CLANG_WARN_UNGUARDED_AVAILABILITY = YES_AGGRESSIVE;
				CLANG_WARN_UNREACHABLE_CODE = YES;
				CLANG_WARN__DUPLICATE_METHOD_MATCH = YES;
				COPY_PHASE_STRIP = NO;
				DEBUG_INFORMATION_FORMAT = dwarf;
				ENABLE_STRICT_OBJC_MSGSEND = YES;
				ENABLE_TESTABILITY = YES;
				GCC_C_LANGUAGE_STANDARD = gnu11;
				GCC_DYNAMIC_NO_PIC = NO;
				GCC_NO_COMMON_BLOCKS = YES;
				GCC_OPTIMIZATION_LEVEL = 0;
				GCC_PREPROCESSOR_DEFINITIONS = (
					"DEBUG=1",
					"$(inherited)",
				);
				GCC_WARN_64_TO_32_BIT_CONVERSION = YES;
				GCC_WARN_ABOUT_RETURN_TYPE = YES_ERROR;
				GCC_WARN_UNDECLARED_SELECTOR = YES;
				GCC_WARN_UNINITIALIZED_AUTOS = YES_AGGRESSIVE;
				GCC_WARN_UNUSED_FUNCTION = YES;
				GCC_WARN_UNUSED_VARIABLE = YES;
				IPHONEOS_DEPLOYMENT_TARGET = 13.4;
				MTL_ENABLE_DEBUG_INFO = INCLUDE_SOURCE;
				MTL_FAST_MATH = YES;
				ONLY_ACTIVE_ARCH = YES;
				SDKROOT = iphoneos;
				SWIFT_ACTIVE_COMPILATION_CONDITIONS = DEBUG;
				SWIFT_OPTIMIZATION_LEVEL = "-Onone";
			};
			name = Debug;
		};
		AA46365D2456B5D3002CFFC0 /* Release */ = {
			isa = XCBuildConfiguration;
			buildSettings = {
				ALWAYS_SEARCH_USER_PATHS = NO;
				CLANG_ANALYZER_NONNULL = YES;
				CLANG_ANALYZER_NUMBER_OBJECT_CONVERSION = YES_AGGRESSIVE;
				CLANG_CXX_LANGUAGE_STANDARD = "gnu++14";
				CLANG_CXX_LIBRARY = "libc++";
				CLANG_ENABLE_MODULES = YES;
				CLANG_ENABLE_OBJC_ARC = YES;
				CLANG_ENABLE_OBJC_WEAK = YES;
				CLANG_WARN_BLOCK_CAPTURE_AUTORELEASING = YES;
				CLANG_WARN_BOOL_CONVERSION = YES;
				CLANG_WARN_COMMA = YES;
				CLANG_WARN_CONSTANT_CONVERSION = YES;
				CLANG_WARN_DEPRECATED_OBJC_IMPLEMENTATIONS = YES;
				CLANG_WARN_DIRECT_OBJC_ISA_USAGE = YES_ERROR;
				CLANG_WARN_DOCUMENTATION_COMMENTS = YES;
				CLANG_WARN_EMPTY_BODY = YES;
				CLANG_WARN_ENUM_CONVERSION = YES;
				CLANG_WARN_INFINITE_RECURSION = YES;
				CLANG_WARN_INT_CONVERSION = YES;
				CLANG_WARN_NON_LITERAL_NULL_CONVERSION = YES;
				CLANG_WARN_OBJC_IMPLICIT_RETAIN_SELF = YES;
				CLANG_WARN_OBJC_LITERAL_CONVERSION = YES;
				CLANG_WARN_OBJC_ROOT_CLASS = YES_ERROR;
				CLANG_WARN_RANGE_LOOP_ANALYSIS = YES;
				CLANG_WARN_STRICT_PROTOTYPES = YES;
				CLANG_WARN_SUSPICIOUS_MOVE = YES;
				CLANG_WARN_UNGUARDED_AVAILABILITY = YES_AGGRESSIVE;
				CLANG_WARN_UNREACHABLE_CODE = YES;
				CLANG_WARN__DUPLICATE_METHOD_MATCH = YES;
				COPY_PHASE_STRIP = NO;
				DEBUG_INFORMATION_FORMAT = "dwarf-with-dsym";
				ENABLE_NS_ASSERTIONS = NO;
				ENABLE_STRICT_OBJC_MSGSEND = YES;
				GCC_C_LANGUAGE_STANDARD = gnu11;
				GCC_NO_COMMON_BLOCKS = YES;
				GCC_WARN_64_TO_32_BIT_CONVERSION = YES;
				GCC_WARN_ABOUT_RETURN_TYPE = YES_ERROR;
				GCC_WARN_UNDECLARED_SELECTOR = YES;
				GCC_WARN_UNINITIALIZED_AUTOS = YES_AGGRESSIVE;
				GCC_WARN_UNUSED_FUNCTION = YES;
				GCC_WARN_UNUSED_VARIABLE = YES;
				IPHONEOS_DEPLOYMENT_TARGET = 13.4;
				MTL_ENABLE_DEBUG_INFO = NO;
				MTL_FAST_MATH = YES;
				SDKROOT = iphoneos;
				SWIFT_COMPILATION_MODE = wholemodule;
				SWIFT_OPTIMIZATION_LEVEL = "-O";
				VALIDATE_PRODUCT = YES;
			};
			name = Release;
		};
		AA46365F2456B5D3002CFFC0 /* Debug */ = {
			isa = XCBuildConfiguration;
			baseConfigurationReference = B17F0BB4FBD6CA8C8A894DFE /* Pods-DrinkWater.debug.xcconfig */;
			buildSettings = {
				ASSETCATALOG_COMPILER_APPICON_NAME = AppIcon;
				CODE_SIGN_STYLE = Automatic;
				DEVELOPMENT_TEAM = BCB2U5N8E6;
				INFOPLIST_FILE = DrinkWater/Info.plist;
				LD_RUNPATH_SEARCH_PATHS = (
					"$(inherited)",
					"@executable_path/Frameworks",
				);
				PRODUCT_BUNDLE_IDENTIFIER = "fr.iut-bm.univ-fcomte.DrinkWater";
				PRODUCT_NAME = "$(TARGET_NAME)";
				SWIFT_VERSION = 5.0;
				TARGETED_DEVICE_FAMILY = 1;
			};
			name = Debug;
		};
		AA4636602456B5D3002CFFC0 /* Release */ = {
			isa = XCBuildConfiguration;
			baseConfigurationReference = EB53DE4B40A1A9EBE4815973 /* Pods-DrinkWater.release.xcconfig */;
			buildSettings = {
				ASSETCATALOG_COMPILER_APPICON_NAME = AppIcon;
				CODE_SIGN_STYLE = Automatic;
				DEVELOPMENT_TEAM = BCB2U5N8E6;
				INFOPLIST_FILE = DrinkWater/Info.plist;
				LD_RUNPATH_SEARCH_PATHS = (
					"$(inherited)",
					"@executable_path/Frameworks",
				);
				PRODUCT_BUNDLE_IDENTIFIER = "fr.iut-bm.univ-fcomte.DrinkWater";
				PRODUCT_NAME = "$(TARGET_NAME)";
				SWIFT_VERSION = 5.0;
				TARGETED_DEVICE_FAMILY = 1;
			};
			name = Release;
		};
/* End XCBuildConfiguration section */

/* Begin XCConfigurationList section */
		AA4636452456B5D1002CFFC0 /* Build configuration list for PBXProject "DrinkWater" */ = {
			isa = XCConfigurationList;
			buildConfigurations = (
				AA46365C2456B5D3002CFFC0 /* Debug */,
				AA46365D2456B5D3002CFFC0 /* Release */,
			);
			defaultConfigurationIsVisible = 0;
			defaultConfigurationName = Release;
		};
		AA46365E2456B5D3002CFFC0 /* Build configuration list for PBXNativeTarget "DrinkWater" */ = {
			isa = XCConfigurationList;
			buildConfigurations = (
				AA46365F2456B5D3002CFFC0 /* Debug */,
				AA4636602456B5D3002CFFC0 /* Release */,
			);
			defaultConfigurationIsVisible = 0;
			defaultConfigurationName = Release;
		};
/* End XCConfigurationList section */
	};
	rootObject = AA4636422456B5D1002CFFC0 /* Project object */;
}
